// !$*UTF8*$!
{
	archiveVersion = 1;
	classes = {
	};
	objectVersion = 48;
	objects = {

/* Begin PBXBuildFile section */
		42542F002050DF930032F098 /* AppDelegate.m in Sources */ = {isa = PBXBuildFile; fileRef = 42542EFF2050DF930032F098 /* AppDelegate.m */; };
		42542F032050DF930032F098 /* ViewController.m in Sources */ = {isa = PBXBuildFile; fileRef = 42542F022050DF930032F098 /* ViewController.m */; };
		42542F062050DF930032F098 /* Main.storyboard in Resources */ = {isa = PBXBuildFile; fileRef = 42542F042050DF930032F098 /* Main.storyboard */; };
		42542F082050DF930032F098 /* Assets.xcassets in Resources */ = {isa = PBXBuildFile; fileRef = 42542F072050DF930032F098 /* Assets.xcassets */; };
		42542F0B2050DF930032F098 /* LaunchScreen.storyboard in Resources */ = {isa = PBXBuildFile; fileRef = 42542F092050DF930032F098 /* LaunchScreen.storyboard */; };
		42542F0E2050DF930032F098 /* main.m in Sources */ = {isa = PBXBuildFile; fileRef = 42542F0D2050DF930032F098 /* main.m */; };
		42542F1620510EFD0032F098 /* person.m in Sources */ = {isa = PBXBuildFile; fileRef = 42542F1520510EFD0032F098 /* person.m */; };
		42542F19205130610032F098 /* person+PersonCategory.m in Sources */ = {isa = PBXBuildFile; fileRef = 42542F18205130610032F098 /* person+PersonCategory.m */; };
/* End PBXBuildFile section */

/* Begin PBXFileReference section */
		42542EFB2050DF930032F098 /* RuntimeTest.app */ = {isa = PBXFileReference; explicitFileType = wrapper.application; includeInIndex = 0; path = RuntimeTest.app; sourceTree = BUILT_PRODUCTS_DIR; };
		42542EFE2050DF930032F098 /* AppDelegate.h */ = {isa = PBXFileReference; lastKnownFileType = sourcecode.c.h; path = AppDelegate.h; sourceTree = "<group>"; };
		42542EFF2050DF930032F098 /* AppDelegate.m */ = {isa = PBXFileReference; lastKnownFileType = sourcecode.c.objc; path = AppDelegate.m; sourceTree = "<group>"; };
		42542F012050DF930032F098 /* ViewController.h */ = {isa = PBXFileReference; lastKnownFileType = sourcecode.c.h; path = ViewController.h; sourceTree = "<group>"; };
		42542F022050DF930032F098 /* ViewController.m */ = {isa = PBXFileReference; lastKnownFileType = sourcecode.c.objc; path = ViewController.m; sourceTree = "<group>"; };
		42542F052050DF930032F098 /* Base */ = {isa = PBXFileReference; lastKnownFileType = file.storyboard; name = Base; path = Base.lproj/Main.storyboard; sourceTree = "<group>"; };
		42542F072050DF930032F098 /* Assets.xcassets */ = {isa = PBXFileReference; lastKnownFileType = folder.assetcatalog; path = Assets.xcassets; sourceTree = "<group>"; };
		42542F0A2050DF930032F098 /* Base */ = {isa = PBXFileReference; lastKnownFileType = file.storyboard; name = Base; path = Base.lproj/LaunchScreen.storyboard; sourceTree = "<group>"; };
		42542F0C2050DF930032F098 /* Info.plist */ = {isa = PBXFileReference; lastKnownFileType = text.plist.xml; path = Info.plist; sourceTree = "<group>"; };
		42542F0D2050DF930032F098 /* main.m */ = {isa = PBXFileReference; lastKnownFileType = sourcecode.c.objc; path = main.m; sourceTree = "<group>"; };
		42542F1420510EFD0032F098 /* person.h */ = {isa = PBXFileReference; lastKnownFileType = sourcecode.c.h; path = person.h; sourceTree = "<group>"; };
		42542F1520510EFD0032F098 /* person.m */ = {isa = PBXFileReference; lastKnownFileType = sourcecode.c.objc; path = person.m; sourceTree = "<group>"; };
		42542F17205130610032F098 /* person+PersonCategory.h */ = {isa = PBXFileReference; lastKnownFileType = sourcecode.c.h; path = "person+PersonCategory.h"; sourceTree = "<group>"; };
		42542F18205130610032F098 /* person+PersonCategory.m */ = {isa = PBXFileReference; lastKnownFileType = sourcecode.c.objc; path = "person+PersonCategory.m"; sourceTree = "<group>"; };
/* End PBXFileReference section */

/* Begin PBXFrameworksBuildPhase section */
		42542EF82050DF930032F098 /* Frameworks */ = {
			isa = PBXFrameworksBuildPhase;
			buildActionMask = 2147483647;
			files = (
			);
			runOnlyForDeploymentPostprocessing = 0;
		};
/* End PBXFrameworksBuildPhase section */

/* Begin PBXGroup section */
		42542EF22050DF930032F098 = {
			isa = PBXGroup;
			children = (
				42542EFD2050DF930032F098 /* RuntimeTest */,
				42542EFC2050DF930032F098 /* Products */,
			);
			sourceTree = "<group>";
		};
		42542EFC2050DF930032F098 /* Products */ = {
			isa = PBXGroup;
			children = (
				42542EFB2050DF930032F098 /* RuntimeTest.app */,
			);
			name = Products;
			sourceTree = "<group>";
		};
		42542EFD2050DF930032F098 /* RuntimeTest */ = {
			isa = PBXGroup;
			children = (
				42542EFE2050DF930032F098 /* AppDelegate.h */,
				42542EFF2050DF930032F098 /* AppDelegate.m */,
				42542F012050DF930032F098 /* ViewController.h */,
				42542F022050DF930032F098 /* ViewController.m */,
				42542F042050DF930032F098 /* Main.storyboard */,
				42542F072050DF930032F098 /* Assets.xcassets */,
				42542F092050DF930032F098 /* LaunchScreen.storyboard */,
				42542F0C2050DF930032F098 /* Info.plist */,
				42542F0D2050DF930032F098 /* main.m */,
				42542F1420510EFD0032F098 /* person.h */,
				42542F1520510EFD0032F098 /* person.m */,
				42542F17205130610032F098 /* person+PersonCategory.h */,
				42542F18205130610032F098 /* person+PersonCategory.m */,
			);
			path = RuntimeTest;
			sourceTree = "<group>";
		};
/* End PBXGroup section */

/* Begin PBXNativeTarget section */
		42542EFA2050DF930032F098 /* RuntimeTest */ = {
			isa = PBXNativeTarget;
			buildConfigurationList = 42542F112050DF930032F098 /* Build configuration list for PBXNativeTarget "RuntimeTest" */;
			buildPhases = (
				42542EF72050DF930032F098 /* Sources */,
				42542EF82050DF930032F098 /* Frameworks */,
				42542EF92050DF930032F098 /* Resources */,
			);
			buildRules = (
			);
			dependencies = (
			);
			name = RuntimeTest;
			productName = RuntimeTest;
			productReference = 42542EFB2050DF930032F098 /* RuntimeTest.app */;
			productType = "com.apple.product-type.application";
		};
/* End PBXNativeTarget section */

/* Begin PBXProject section */
		42542EF32050DF930032F098 /* Project object */ = {
			isa = PBXProject;
			attributes = {
				LastUpgradeCheck = 0920;
				ORGANIZATIONNAME = imaginedays;
				TargetAttributes = {
					42542EFA2050DF930032F098 = {
						CreatedOnToolsVersion = 9.2;
						ProvisioningStyle = Automatic;
					};
				};
			};
			buildConfigurationList = 42542EF62050DF930032F098 /* Build configuration list for PBXProject "RuntimeTest" */;
			compatibilityVersion = "Xcode 8.0";
			developmentRegion = en;
			hasScannedForEncodings = 0;
			knownRegions = (
				en,
				Base,
			);
			mainGroup = 42542EF22050DF930032F098;
			productRefGroup = 42542EFC2050DF930032F098 /* Products */;
			projectDirPath = "";
			projectRoot = "";
			targets = (
				42542EFA2050DF930032F098 /* RuntimeTest */,
			);
		};
/* End PBXProject section */

/* Begin PBXResourcesBuildPhase section */
		42542EF92050DF930032F098 /* Resources */ = {
			isa = PBXResourcesBuildPhase;
			buildActionMask = 2147483647;
			files = (
				42542F0B2050DF930032F098 /* LaunchScreen.storyboard in Resources */,
				42542F082050DF930032F098 /* Assets.xcassets in Resources */,
				42542F062050DF930032F098 /* Main.storyboard in Resources */,
			);
			runOnlyForDeploymentPostprocessing = 0;
		};
/* End PBXResourcesBuildPhase section */

/* Begin PBXSourcesBuildPhase section */
		42542EF72050DF930032F098 /* Sources */ = {
			isa = PBXSourcesBuildPhase;
			buildActionMask = 2147483647;
			files = (
				42542F19205130610032F098 /* person+PersonCategory.m in Sources */,
				42542F032050DF930032F098 /* ViewController.m in Sources */,
				42542F0E2050DF930032F098 /* main.m in Sources */,
				42542F1620510EFD0032F098 /* person.m in Sources */,
				42542F002050DF930032F098 /* AppDelegate.m in Sources */,
			);
			runOnlyForDeploymentPostprocessing = 0;
		};
/* End PBXSourcesBuildPhase section */

/* Begin PBXVariantGroup section */
		42542F042050DF930032F098 /* Main.storyboard */ = {
			isa = PBXVariantGroup;
			children = (
				42542F052050DF930032F098 /* Base */,
			);
			name = Main.storyboard;
			sourceTree = "<group>";
		};
		42542F092050DF930032F098 /* LaunchScreen.storyboard */ = {
			isa = PBXVariantGroup;
			children = (
				42542F0A2050DF930032F098 /* Base */,
			);
			name = LaunchScreen.storyboard;
			sourceTree = "<group>";
		};
/* End PBXVariantGroup section */

/* Begin XCBuildConfiguration section */
		42542F0F2050DF930032F098 /* Debug */ = {
			isa = XCBuildConfiguration;
			buildSettings = {
				ALWAYS_SEARCH_USER_PATHS = NO;
				CLANG_ANALYZER_NONNULL = YES;
				CLANG_ANALYZER_NUMBER_OBJECT_CONVERSION = YES_AGGRESSIVE;
				CLANG_CXX_LANGUAGE_STANDARD = "gnu++14";
				CLANG_CXX_LIBRARY = "libc++";
				CLANG_ENABLE_MODULES = YES;
				CLANG_ENABLE_OBJC_ARC = YES;
				CLANG_WARN_BLOCK_CAPTURE_AUTORELEASING = YES;
				CLANG_WARN_BOOL_CONVERSION = YES;
				CLANG_WARN_COMMA = YES;
				CLANG_WARN_CONSTANT_CONVERSION = YES;
				CLANG_WARN_DIRECT_OBJC_ISA_USAGE = YES_ERROR;
				CLANG_WARN_DOCUMENTATION_COMMENTS = YES;
				CLANG_WARN_EMPTY_BODY = YES;
				CLANG_WARN_ENUM_CONVERSION = YES;
				CLANG_WARN_INFINITE_RECURSION = YES;
				CLANG_WARN_INT_CONVERSION = YES;
				CLANG_WARN_NON_LITERAL_NULL_CONVERSION = YES;
				CLANG_WARN_OBJC_LITERAL_CONVERSION = YES;
				CLANG_WARN_OBJC_ROOT_CLASS = YES_ERROR;
				CLANG_WARN_RANGE_LOOP_ANALYSIS = YES;
				CLANG_WARN_STRICT_PROTOTYPES = YES;
				CLANG_WARN_SUSPICIOUS_MOVE = YES;
				CLANG_WARN_UNGUARDED_AVAILABILITY = YES_AGGRESSIVE;
				CLANG_WARN_UNREACHABLE_CODE = YES;
				CLANG_WARN__DUPLICATE_METHOD_MATCH = YES;
				CODE_SIGN_IDENTITY = "iPhone Developer";
				COPY_PHASE_STRIP = NO;
				DEBUG_INFORMATION_FORMAT = dwarf;
				ENABLE_STRICT_OBJC_MSGSEND = YES;
				ENABLE_TESTABILITY = YES;
				GCC_C_LANGUAGE_STANDARD = gnu11;
				GCC_DYNAMIC_NO_PIC = NO;
				GCC_NO_COMMON_BLOCKS = YES;
				GCC_OPTIMIZATION_LEVEL = 0;
				GCC_PREPROCESSOR_DEFINITIONS = (
					"DEBUG=1",
					"$(inherited)",
				);
				GCC_WARN_64_TO_32_BIT_CONVERSION = YES;
				GCC_WARN_ABOUT_RETURN_TYPE = YES_ERROR;
				GCC_WARN_UNDECLARED_SELECTOR = YES;
				GCC_WARN_UNINITIALIZED_AUTOS = YES_AGGRESSIVE;
				GCC_WARN_UNUSED_FUNCTION = YES;
				GCC_WARN_UNUSED_VARIABLE = YES;
				IPHONEOS_DEPLOYMENT_TARGET = 11.2;
				MTL_ENABLE_DEBUG_INFO = YES;
				ONLY_ACTIVE_ARCH = YES;
				SDKROOT = iphoneos;
			};
			name = Debug;
		};
		42542F102050DF930032F098 /* Release */ = {
			isa = XCBuildConfiguration;
			buildSettings = {
				ALWAYS_SEARCH_USER_PATHS = NO;
				CLANG_ANALYZER_NONNULL = YES;
				CLANG_ANALYZER_NUMBER_OBJECT_CONVERSION = YES_AGGRESSIVE;
				CLANG_CXX_LANGUAGE_STANDARD = "gnu++14";
				CLANG_CXX_LIBRARY = "libc++";
				CLANG_ENABLE_MODULES = YES;
				CLANG_ENABLE_OBJC_ARC = YES;
				CLANG_WARN_BLOCK_CAPTURE_AUTORELEASING = YES;
				CLANG_WARN_BOOL_CONVERSION = YES;
				CLANG_WARN_COMMA = YES;
				CLANG_WARN_CONSTANT_CONVERSION = YES;
				CLANG_WARN_DIRECT_OBJC_ISA_USAGE = YES_ERROR;
				CLANG_WARN_DOCUMENTATION_COMMENTS = YES;
				CLANG_WARN_EMPTY_BODY = YES;
				CLANG_WARN_ENUM_CONVERSION = YES;
				CLANG_WARN_INFINITE_RECURSION = YES;
				CLANG_WARN_INT_CONVERSION = YES;
				CLANG_WARN_NON_LITERAL_NULL_CONVERSION = YES;
				CLANG_WARN_OBJC_LITERAL_CONVERSION = YES;
				CLANG_WARN_OBJC_ROOT_CLASS = YES_ERROR;
				CLANG_WARN_RANGE_LOOP_ANALYSIS = YES;
				CLANG_WARN_STRICT_PROTOTYPES = YES;
				CLANG_WARN_SUSPICIOUS_MOVE = YES;
				CLANG_WARN_UNGUARDED_AVAILABILITY = YES_AGGRESSIVE;
				CLANG_WARN_UNREACHABLE_CODE = YES;
				CLANG_WARN__DUPLICATE_METHOD_MATCH = YES;
				CODE_SIGN_IDENTITY = "iPhone Developer";
				COPY_PHASE_STRIP = NO;
				DEBUG_INFORMATION_FORMAT = "dwarf-with-dsym";
				ENABLE_NS_ASSERTIONS = NO;
				ENABLE_STRICT_OBJC_MSGSEND = YES;
				GCC_C_LANGUAGE_STANDARD = gnu11;
				GCC_NO_COMMON_BLOCKS = YES;
				GCC_WARN_64_TO_32_BIT_CONVERSION = YES;
				GCC_WARN_ABOUT_RETURN_TYPE = YES_ERROR;
				GCC_WARN_UNDECLARED_SELECTOR = YES;
				GCC_WARN_UNINITIALIZED_AUTOS = YES_AGGRESSIVE;
				GCC_WARN_UNUSED_FUNCTION = YES;
				GCC_WARN_UNUSED_VARIABLE = YES;
				IPHONEOS_DEPLOYMENT_TARGET = 11.2;
				MTL_ENABLE_DEBUG_INFO = NO;
				SDKROOT = iphoneos;
				VALIDATE_PRODUCT = YES;
			};
			name = Release;
		};
		42542F122050DF930032F098 /* Debug */ = {
			isa = XCBuildConfiguration;
			buildSettings = {
				ASSETCATALOG_COMPILER_APPICON_NAME = AppIcon;
				CODE_SIGN_STYLE = Automatic;
				DEVELOPMENT_TEAM = 35PWMCP87E;
				INFOPLIST_FILE = RuntimeTest/Info.plist;
				LD_RUNPATH_SEARCH_PATHS = "$(inherited) @executable_path/Frameworks";
				PRODUCT_BUNDLE_IDENTIFIER = org.imaginedays.runtime;
				PRODUCT_NAME = "$(TARGET_NAME)";
				TARGETED_DEVICE_FAMILY = "1,2";
			};
			name = Debug;
		};
		42542F132050DF930032F098 /* Release */ = {
			isa = XCBuildConfiguration;
			buildSettings = {
				ASSETCATALOG_COMPILER_APPICON_NAME = AppIcon;
				CODE_SIGN_STYLE = Automatic;
				DEVELOPMENT_TEAM = 35PWMCP87E;
				INFOPLIST_FILE = RuntimeTest/Info.plist;
				LD_RUNPATH_SEARCH_PATHS = "$(inherited) @executable_path/Frameworks";
				PRODUCT_BUNDLE_IDENTIFIER = org.imaginedays.runtime;
				PRODUCT_NAME = "$(TARGET_NAME)";
				TARGETED_DEVICE_FAMILY = "1,2";
			};
			name = Release;
		};
/* End XCBuildConfiguration section */

/* Begin XCConfigurationList section */
		42542EF62050DF930032F098 /* Build configuration list for PBXProject "RuntimeTest" */ = {
			isa = XCConfigurationList;
			buildConfigurations = (
				42542F0F2050DF930032F098 /* Debug */,
				42542F102050DF930032F098 /* Release */,
			);
			defaultConfigurationIsVisible = 0;
			defaultConfigurationName = Release;
		};
		42542F112050DF930032F098 /* Build configuration list for PBXNativeTarget "RuntimeTest" */ = {
			isa = XCConfigurationList;
			buildConfigurations = (
				42542F122050DF930032F098 /* Debug */,
				42542F132050DF930032F098 /* Release */,
			);
			defaultConfigurationIsVisible = 0;
			defaultConfigurationName = Release;
		};
/* End XCConfigurationList section */
	};
	rootObject = 42542EF32050DF930032F098 /* Project object */;
}
